github.com/XavierBrassoud/hugo-theme-vertica-resume v1.0.0 h1:Qn2wiu3WDMOUevOrpjRdJeb8eCvygwZ8ZQaIpgAi8og=
github.com/XavierBrassoud/hugo-theme-vertica-resume v1.0.0/go.mod h1:WyfzQ/rhWW4bjDkdXmiKfz0vedmO9A7yCCOQWoQfQis=
github.com/XavierBrassoud/hugo-theme-vertica-resume v1.0.1 h1:SQ173txNaTCsBRihZz+VnoJbeORtvNSpvQPkQFqBBUE=
github.com/XavierBrassoud/hugo-theme-vertica-resume v1.0.1/go.mod h1:jtCMe9Af1dyWd/4YpT9YTqdEJnW4JzZ9/GfO4nzG3v4=
github.com/XavierBrassoud/hugo-theme-vertica-resume v1.0.2 h1:szlkQQA3g+baJ0e9rson52y513oFOb4UjU+qiRQeP2M=
github.com/XavierBrassoud/hugo-theme-vertica-resume v1.0.2/go.mod h1:jtCMe9Af1dyWd/4YpT9YTqdEJnW4JzZ9/GfO4nzG3v4=
github.com/XavierBrassoud/hugo-theme-vertica-resume v1.0.3 h1:ERSxRjKBab9N9cIYV/dRpW1NzLb449TgJFIXzmUJXaI=
github.com/XavierBrassoud/hugo-theme-vertica-resume v1.0.3/go.mod h1:jtCMe9Af1dyWd/4YpT9YTqdEJnW4JzZ9/GfO4nzG3v4=
github.com/XavierBrassoud/hugo-theme-vertica-resume v1.0.4 h1:jLygJpLcPxY6a+ZZfAr6sF6wWrDzMBBkXs6LZOLSnwg=
github.com/XavierBrassoud/hugo-theme-vertica-resume v1.0.4/go.mod h1:jtCMe9Af1dyWd/4YpT9YTqdEJnW4JzZ9/GfO4nzG3v4=
github.com/XavierBrassoud/hugo-theme-vertica-resume v1.0.5 h1:mi9KGkNujySEe2S//wyiVz/sqxCh6nwP42aN3yh2TaY=
github.com/XavierBrassoud/hugo-theme-vertica-resume v1.0.5/go.mod h1:jtCMe9Af1dyWd/4YpT9YTqdEJnW4JzZ9/GfO4nzG3v4=
